<Solution>
  <Folder Name="/src/">
    <Project Path="src/FloatingTransferStation.Core/FloatingTransferStation.Core.csproj" />
    <Project Path="src/FloatingTransferStation.Mac/FloatingTransferStation.Mac.csproj" />
  </Folder>
  <Folder Name="/tests/">
    <Project Path="tests/FloatingTransferStation.Core.Tests/FloatingTransferStation.Core.Tests.csproj" />
    <Project Path="tests/FloatingTransferStation.Mac.Tests/FloatingTransferStation.Mac.Tests.csproj" />
  </Folder>
</Solution>
